
Microsoft Visual Studio Solution File, Format Version 12.00
# Visual Studio 15
VisualStudioVersion = 15.0.26228.4
MinimumVisualStudioVersion = 10.0.40219.1
Project("{9A19103F-16F7-4668-BE54-9A1E7A4F7556}") = "Notes.Console", "Notes.Console\Notes.Console.csproj", "{BC7C8FE6-CBD3-410A-9D69-4BD138695AB9}"
EndProject
Project("{9A19103F-16F7-4668-BE54-9A1E7A4F7556}") = "Notes.Services", "Notes.Services\Notes.Services.csproj", "{A41566CB-C30F-464A-AFA2-0365F8164B27}"
EndProject
Project("{9A19103F-16F7-4668-BE54-9A1E7A4F7556}") = "Notes.Api", "Notes.Api\Notes.Api.csproj", "{A604256C-9D35-4231-9DD9-853C20B94F8B}"
EndProject
Project("{FAE04EC0-301F-11D3-BF4B-00C04F79EFBC}") = "Notes.Models", "Notes.Models\Notes.Models.csproj", "{96A48980-88F0-4085-8E5D-31E6068C4DAE}"
EndProject
Project("{9A19103F-16F7-4668-BE54-9A1E7A4F7556}") = "Notes.Data", "Notes.Data\Notes.Data.csproj", "{B146C310-0B7B-4658-BD00-AB7DEF8D205D}"
EndProject
Global
	GlobalSection(SolutionConfigurationPlatforms) = preSolution
		Debug|Any CPU = Debug|Any CPU
		Release|Any CPU = Release|Any CPU
	EndGlobalSection
	GlobalSection(ProjectConfigurationPlatforms) = postSolution
		{BC7C8FE6-CBD3-410A-9D69-4BD138695AB9}.Debug|Any CPU.ActiveCfg = Debug|Any CPU
		{BC7C8FE6-CBD3-410A-9D69-4BD138695AB9}.Debug|Any CPU.Build.0 = Debug|Any CPU
		{BC7C8FE6-CBD3-410A-9D69-4BD138695AB9}.Release|Any CPU.ActiveCfg = Release|Any CPU
		{BC7C8FE6-CBD3-410A-9D69-4BD138695AB9}.Release|Any CPU.Build.0 = Release|Any CPU
		{A41566CB-C30F-464A-AFA2-0365F8164B27}.Debug|Any CPU.ActiveCfg = Debug|Any CPU
		{A41566CB-C30F-464A-AFA2-0365F8164B27}.Debug|Any CPU.Build.0 = Debug|Any CPU
		{A41566CB-C30F-464A-AFA2-0365F8164B27}.Release|Any CPU.ActiveCfg = Release|Any CPU
		{A41566CB-C30F-464A-AFA2-0365F8164B27}.Release|Any CPU.Build.0 = Release|Any CPU
		{A604256C-9D35-4231-9DD9-853C20B94F8B}.Debug|Any CPU.ActiveCfg = Debug|Any CPU
		{A604256C-9D35-4231-9DD9-853C20B94F8B}.Debug|Any CPU.Build.0 = Debug|Any CPU
		{A604256C-9D35-4231-9DD9-853C20B94F8B}.Release|Any CPU.ActiveCfg = Release|Any CPU
		{A604256C-9D35-4231-9DD9-853C20B94F8B}.Release|Any CPU.Build.0 = Release|Any CPU
		{96A48980-88F0-4085-8E5D-31E6068C4DAE}.Debug|Any CPU.ActiveCfg = Debug|Any CPU
		{96A48980-88F0-4085-8E5D-31E6068C4DAE}.Debug|Any CPU.Build.0 = Debug|Any CPU
		{96A48980-88F0-4085-8E5D-31E6068C4DAE}.Release|Any CPU.ActiveCfg = Release|Any CPU
		{96A48980-88F0-4085-8E5D-31E6068C4DAE}.Release|Any CPU.Build.0 = Release|Any CPU
		{B146C310-0B7B-4658-BD00-AB7DEF8D205D}.Debug|Any CPU.ActiveCfg = Debug|Any CPU
		{B146C310-0B7B-4658-BD00-AB7DEF8D205D}.Debug|Any CPU.Build.0 = Debug|Any CPU
		{B146C310-0B7B-4658-BD00-AB7DEF8D205D}.Release|Any CPU.ActiveCfg = Release|Any CPU
		{B146C310-0B7B-4658-BD00-AB7DEF8D205D}.Release|Any CPU.Build.0 = Release|Any CPU
	EndGlobalSection
	GlobalSection(SolutionProperties) = preSolution
		HideSolutionNode = FALSE
	EndGlobalSection
EndGlobal
